{
    "_readme": [
        "This file locks the dependencies of your project to a known state",
        "Read more about it at https://getcomposer.org/doc/01-basic-usage.md#composer-lock-the-lock-file",
        "This file is @generated automatically"
    ],
    "hash": "17ffa694a543578485d0e9e3eb6d8aee",
    "packages": [
        {
            "name": "lauquint/fw",
            "version": "dev-devel",
            "source": {
                "type": "git",
                "url": "https://github.com/lauquint/laura-fw",
                "reference": "dab2e146f8a999fe0b73b94e658cc7db70db1a7a"
            },
            "require": {
                "php": ">=5.6"
            },
            "type": "project",
            "autoload": {
                "psr-4": {
                    "Fw\\": "src/Fw"
                }
            },
            "time": "2015-06-14 11:04:28"
        }
    ],
    "packages-dev": [],
    "aliases": [],
    "minimum-stability": "dev",
    "stability-flags": {
        "lauquint/fw": 20
    },
    "prefer-stable": false,
    "prefer-lowest": false,
    "platform": {
        "php": ">=5.6"
    },
    "platform-dev": []
}
